PODS:
  - Capacitor (4.6.1):
    - CapacitorCordova
  - CapacitorApp (4.1.1):
    - Capacitor
  - CapacitorCommunityBackgroundGeolocation (0.0.1):
    - Capacitor
  - CapacitorCommunitySqlite (4.6.0):
    - Capacitor
    - SQLCipher
    - ZIPFoundation
  - CapacitorCordova (4.6.1)
  - CapacitorDevice (4.1.0):
    - Capacitor
  - CapacitorFilesystem (4.1.4):
    - Capacitor
  - CapacitorLocalNotifications (4.1.4):
    - Capacitor
  - CapacitorShare (4.1.0):
    - Capacitor
  - CapacitorStatusBar (4.1.1):
    - Capacitor
  - CapawesomeCapacitorBackgroundTask (2.0.0):
    - Capacitor
  - CapawesomeCapacitorFilePicker (0.5.8):
    - Capacitor
  - SQLCipher (4.5.3):
    - SQLCipher/standard (= 4.5.3)
  - SQLCipher/common (4.5.3)
  - SQLCipher/standard (4.5.3):
    - SQLCipher/common
  - TransistorsoftCapacitorBackgroundFetch (1.0.2):
    - Capacitor
  - ZIPFoundation (0.9.16)

DEPENDENCIES:
  - "Capacitor (from `../../node_modules/@capacitor/ios`)"
  - "CapacitorApp (from `../../node_modules/@capacitor/app`)"
  - "CapacitorCommunityBackgroundGeolocation (from `../../node_modules/@capacitor-community/background-geolocation`)"
  - "CapacitorCommunitySqlite (from `../../node_modules/@capacitor-community/sqlite`)"
  - "CapacitorCordova (from `../../node_modules/@capacitor/ios`)"
  - "CapacitorDevice (from `../../node_modules/@capacitor/device`)"
  - "CapacitorFilesystem (from `../../node_modules/@capacitor/filesystem`)"
  - "CapacitorLocalNotifications (from `../../node_modules/@capacitor/local-notifications`)"
  - "CapacitorShare (from `../../node_modules/@capacitor/share`)"
  - "CapacitorStatusBar (from `../../node_modules/@capacitor/status-bar`)"
  - "CapawesomeCapacitorBackgroundTask (from `../../node_modules/@capawesome/capacitor-background-task`)"
  - "CapawesomeCapacitorFilePicker (from `../../node_modules/@capawesome/capacitor-file-picker`)"
  - "TransistorsoftCapacitorBackgroundFetch (from `../../node_modules/@transistorsoft/capacitor-background-fetch`)"

SPEC REPOS:
  trunk:
    - SQLCipher
    - ZIPFoundation

EXTERNAL SOURCES:
  Capacitor:
    :path: "../../node_modules/@capacitor/ios"
  CapacitorApp:
    :path: "../../node_modules/@capacitor/app"
  CapacitorCommunityBackgroundGeolocation:
    :path: "../../node_modules/@capacitor-community/background-geolocation"
  CapacitorCommunitySqlite:
    :path: "../../node_modules/@capacitor-community/sqlite"
  CapacitorCordova:
    :path: "../../node_modules/@capacitor/ios"
  CapacitorDevice:
    :path: "../../node_modules/@capacitor/device"
  CapacitorFilesystem:
    :path: "../../node_modules/@capacitor/filesystem"
  CapacitorLocalNotifications:
    :path: "../../node_modules/@capacitor/local-notifications"
  CapacitorShare:
    :path: "../../node_modules/@capacitor/share"
  CapacitorStatusBar:
    :path: "../../node_modules/@capacitor/status-bar"
  CapawesomeCapacitorBackgroundTask:
    :path: "../../node_modules/@capawesome/capacitor-background-task"
  CapawesomeCapacitorFilePicker:
    :path: "../../node_modules/@capawesome/capacitor-file-picker"
  TransistorsoftCapacitorBackgroundFetch:
    :path: "../../node_modules/@transistorsoft/capacitor-background-fetch"

SPEC CHECKSUMS:
  Capacitor: 6b8848492d0b4fec76f53c1504089228d00645bf
  CapacitorApp: acd42fe8561fe751ad5b5f459aa85e6acd7bee24
  CapacitorCommunityBackgroundGeolocation: 6f26f4290377dbd1d6dec21e62cb66f008f61ec7
  CapacitorCommunitySqlite: 9f29194e1b68dc4203c304e76c8826b016ee414a
  CapacitorCordova: 48a0f6863177473356a4aecb4ee69e2b865202e7
  CapacitorDevice: 63e8ef8837176b8caf67dc0717b8b1123754a955
  CapacitorFilesystem: 3d665e5b3719d9f6e240480a7468861b0bb35f93
  CapacitorLocalNotifications: 5937199b3df1ef0cfe9e579882ca4f5fc4b31ff4
  CapacitorShare: d81b40de329187f4669ad8a40ce90fe2bbe3eecd
  CapacitorStatusBar: 65933e554bb5d65b361deaa936a93616086a2608
  CapawesomeCapacitorBackgroundTask: 976a5232fcef545e7253ce25b71037f283475edf
  CapawesomeCapacitorFilePicker: 59531bacbdc4f93b2a1d6f64f0cb58c28745e73a
  SQLCipher: 57fa9f863fa4a3ed9dd3c90ace52315db8c0fdca
  TransistorsoftCapacitorBackgroundFetch: 74ca62dae7ec78639eaf3d0d1e24c595ada213dd
  ZIPFoundation: d170fa8e270b2a32bef9dcdcabff5b8f1a5deced

PODFILE CHECKSUM: c9fa320c75c589e78b7cdc88ee682fcac7ec8586

COCOAPODS: 1.11.3
