PODS:
  - Capacitor (2.5.0):
    - CapacitorCordova
  - CapacitorCommunityBackgroundGeolocation (0.0.1):
    - Capacitor
  - CapacitorCommunitySqlite (2.9.16):
    - Capacitor
    - SQLCipher
  - CapacitorCordova (2.5.0)
  - CapacitorFileSelector (0.0.5):
    - Capacitor
  - CordovaPlugins (2.5.0):
    - CapacitorCordova
  - SQLCipher (4.5.0):
    - SQLCipher/standard (= 4.5.0)
  - SQLCipher/common (4.5.0)
  - SQLCipher/standard (4.5.0):
    - SQLCipher/common

DEPENDENCIES:
  - "Capacitor (from `../../node_modules/@capacitor/ios`)"
  - "CapacitorCommunityBackgroundGeolocation (from `../../node_modules/@capacitor-community/background-geolocation`)"
  - "CapacitorCommunitySqlite (from `../../node_modules/@capacitor-community/sqlite`)"
  - "CapacitorCordova (from `../../node_modules/@capacitor/ios`)"
  - CapacitorFileSelector (from `../../node_modules/capacitor-file-selector`)
  - CordovaPlugins (from `../capacitor-cordova-ios-plugins`)

SPEC REPOS:
  trunk:
    - SQLCipher

EXTERNAL SOURCES:
  Capacitor:
    :path: "../../node_modules/@capacitor/ios"
  CapacitorCommunityBackgroundGeolocation:
    :path: "../../node_modules/@capacitor-community/background-geolocation"
  CapacitorCommunitySqlite:
    :path: "../../node_modules/@capacitor-community/sqlite"
  CapacitorCordova:
    :path: "../../node_modules/@capacitor/ios"
  CapacitorFileSelector:
    :path: "../../node_modules/capacitor-file-selector"
  CordovaPlugins:
    :path: "../capacitor-cordova-ios-plugins"

SPEC CHECKSUMS:
  Capacitor: cf2174bec9bfe65f1c956616ac1d94afcef7d24d
  CapacitorCommunityBackgroundGeolocation: 56ea6a55f8b56507c6bb3e2c0f678f0357f9e820
  CapacitorCommunitySqlite: da1699f18229cb6deafdc829c7e827add8ae76b5
  CapacitorCordova: 03d0a19b737e65c94825b20222c804d5467e1c5e
  CapacitorFileSelector: 5c2d14928680d159c2861147974fdc3f204ebe06
  CordovaPlugins: 0f00bb6d2cb779789b8a0fe361e9a2c608650356
  SQLCipher: 98dc22f27c0b1790d39e710d440f22a466ebdb59

PODFILE CHECKSUM: 5a135ec6f6db949b6eabab108e72da4c96587124

COCOAPODS: 1.11.2
